
Microsoft Visual Studio Solution File, Format Version 12.00
# Visual Studio Version 17
VisualStudioVersion = 17.2.32630.192
MinimumVisualStudioVersion = 10.0.40219.1
Project("{FAE04EC0-301F-11D3-BF4B-00C04F79EFBC}") = "ApiTarefas", "ApiTarefas\ApiTarefas.csproj", "{0A3C7F54-FFF4-4AF5-B8A8-1FBB3839DB41}"
EndProject
Project("{FAE04EC0-301F-11D3-BF4B-00C04F79EFBC}") = "ApiTarefasDapper", "ApiTarefasDapper\ApiTarefasDapper.csproj", "{37579C9A-FC78-4437-B70C-8678B25FE297}"
EndProject
Global
	GlobalSection(SolutionConfigurationPlatforms) = preSolution
		Debug|Any CPU = Debug|Any CPU
		Release|Any CPU = Release|Any CPU
	EndGlobalSection
	GlobalSection(ProjectConfigurationPlatforms) = postSolution
		{0A3C7F54-FFF4-4AF5-B8A8-1FBB3839DB41}.Debug|Any CPU.ActiveCfg = Debug|Any CPU
		{0A3C7F54-FFF4-4AF5-B8A8-1FBB3839DB41}.Debug|Any CPU.Build.0 = Debug|Any CPU
		{0A3C7F54-FFF4-4AF5-B8A8-1FBB3839DB41}.Release|Any CPU.ActiveCfg = Release|Any CPU
		{0A3C7F54-FFF4-4AF5-B8A8-1FBB3839DB41}.Release|Any CPU.Build.0 = Release|Any CPU
		{37579C9A-FC78-4437-B70C-8678B25FE297}.Debug|Any CPU.ActiveCfg = Debug|Any CPU
		{37579C9A-FC78-4437-B70C-8678B25FE297}.Debug|Any CPU.Build.0 = Debug|Any CPU
		{37579C9A-FC78-4437-B70C-8678B25FE297}.Release|Any CPU.ActiveCfg = Release|Any CPU
		{37579C9A-FC78-4437-B70C-8678B25FE297}.Release|Any CPU.Build.0 = Release|Any CPU
	EndGlobalSection
	GlobalSection(SolutionProperties) = preSolution
		HideSolutionNode = FALSE
	EndGlobalSection
	GlobalSection(ExtensibilityGlobals) = postSolution
		SolutionGuid = {8399C002-7B5D-4693-837E-FBA1F9A712BE}
	EndGlobalSection
EndGlobal
